<?xml version="1.0" encoding="utf-8"?>
<Project ToolsVersion="4.0" xmlns="http://schemas.microsoft.com/developer/msbuild/2003">
  <ItemGroup>
    <Filter Include="Source Files">
      <UniqueIdentifier>{4FC737F1-C7A5-4376-A066-2A32D752A2FF}</UniqueIdentifier>
      <Extensions>cpp;c;cc;cxx;c++;cppm;ixx;def;odl;idl;hpj;bat;asm;asmx</Extensions>
    </Filter>
    <Filter Include="Header Files">
      <UniqueIdentifier>{93995380-89BD-4b04-88EB-625FBE52EBFB}</UniqueIdentifier>
      <Extensions>h;hh;hpp;hxx;h++;hm;inl;inc;ipp;xsd</Extensions>
    </Filter>
    <Filter Include="Resource Files">
      <UniqueIdentifier>{67DA6AB6-F800-4c08-8B7A-83BB121AAD01}</UniqueIdentifier>
      <Extensions>rc;ico;cur;bmp;dlg;rc2;rct;bin;rgs;gif;jpg;jpeg;jpe;resx;tiff;tif;png;wav;mfcribbon-ms</Extensions>
    </Filter>
    <Filter Include="Source Files\Game Objects">
      <UniqueIdentifier>{51813aae-dfee-4448-a749-97add9134532}</UniqueIdentifier>
    </Filter>
    <Filter Include="Source Files\Scenes">
      <UniqueIdentifier>{a69cfda8-5757-4492-bdd1-615a37a0ab78}</UniqueIdentifier>
    </Filter>
    <Filter Include="Source Files\Managers">
      <UniqueIdentifier>{80feb244-ebbb-4574-aa22-1a767bf50a9b}</UniqueIdentifier>
    </Filter>
    <Filter Include="Source Files\Graphic Objects">
      <UniqueIdentifier>{64232da4-b499-4059-ade4-6647ee80e269}</UniqueIdentifier>
    </Filter>
    <Filter Include="Header Files\Game Objects">
      <UniqueIdentifier>{d25ad8ec-3e5d-434a-9b7f-24cf1a5a6cd2}</UniqueIdentifier>
    </Filter>
    <Filter Include="Header Files\Graphic Objects">
      <UniqueIdentifier>{e501e79e-c1ef-4114-b8b7-709fc4e9e680}</UniqueIdentifier>
    </Filter>
    <Filter Include="Header Files\Managers">
      <UniqueIdentifier>{0d6f77ad-d28c-4937-a097-1b852012f05d}</UniqueIdentifier>
    </Filter>
    <Filter Include="Header Files\Scenes">
      <UniqueIdentifier>{302002f6-71de-45bd-970f-eab749ac70f3}</UniqueIdentifier>
    </Filter>
    <Filter Include="Header Files\Game Objects\Characters">
      <UniqueIdentifier>{54e608b3-54c4-4ca1-aad7-8763a9c7c6f2}</UniqueIdentifier>
    </Filter>
    <Filter Include="Header Files\Game Objects\Characters\Mario">
      <UniqueIdentifier>{66083db8-13c1-4127-bb9b-19670e23a1bd}</UniqueIdentifier>
    </Filter>
    <Filter Include="Source Files\Game Objects\Characters">
      <UniqueIdentifier>{9143ebb5-7123-4f53-90b9-b58875b878de}</UniqueIdentifier>
    </Filter>
    <Filter Include="Source Files\Game Objects\Characters\Mario">
      <UniqueIdentifier>{f529c989-465c-475f-8d38-eb00a8c1c0d4}</UniqueIdentifier>
    </Filter>
  </ItemGroup>
  <ItemGroup>
    <ClCompile Include="main.cpp">
      <Filter>Source Files</Filter>
    </ClCompile>
    <ClCompile Include="CGameManager.cpp">
      <Filter>Source Files\Managers</Filter>
    </ClCompile>
    <ClCompile Include="CAssetManager.cpp">
      <Filter>Source Files\Managers</Filter>
    </ClCompile>
    <ClCompile Include="CSprite.cpp">
      <Filter>Source Files\Graphic Objects</Filter>
    </ClCompile>
    <ClCompile Include="CGraphicManager.cpp">
      <Filter>Source Files\Managers</Filter>
    </ClCompile>
    <ClCompile Include="CSceneManager.cpp">
      <Filter>Source Files\Managers</Filter>
    </ClCompile>
    <ClCompile Include="Utils.cpp">
      <Filter>Source Files</Filter>
    </ClCompile>
    <ClCompile Include="CConfigManager.cpp">
      <Filter>Source Files\Managers</Filter>
    </ClCompile>
    <ClCompile Include="CPlayScene.cpp">
      <Filter>Source Files\Scenes</Filter>
    </ClCompile>
    <ClCompile Include="CAnimationManager.cpp">
      <Filter>Source Files\Managers</Filter>
    </ClCompile>
    <ClCompile Include="CAnimation.cpp">
      <Filter>Source Files\Graphic Objects</Filter>
    </ClCompile>
    <ClCompile Include="CCamera.cpp">
      <Filter>Source Files\Game Objects</Filter>
    </ClCompile>
    <ClCompile Include="CInputManager.cpp">
      <Filter>Source Files\Managers</Filter>
    </ClCompile>
    <ClCompile Include="CMario.cpp">
      <Filter>Source Files\Game Objects\Characters\Mario</Filter>
    </ClCompile>
    <ClCompile Include="CBaseGameObject.cpp">
      <Filter>Source Files\Game Objects</Filter>
    </ClCompile>
    <ClCompile Include="CPlatform.cpp">
      <Filter>Source Files\Game Objects</Filter>
    </ClCompile>
  </ItemGroup>
  <ItemGroup>
    <None Include="packages.config" />
  </ItemGroup>
  <ItemGroup>
    <ClInclude Include="Utils.h">
      <Filter>Header Files</Filter>
    </ClInclude>
    <ClInclude Include="GameDefine.h">
      <Filter>Header Files</Filter>
    </ClInclude>
    <ClInclude Include="CTexture.h">
      <Filter>Header Files\Graphic Objects</Filter>
    </ClInclude>
    <ClInclude Include="CSprite.h">
      <Filter>Header Files\Graphic Objects</Filter>
    </ClInclude>
    <ClInclude Include="CAnimationFrame.h">
      <Filter>Header Files\Graphic Objects</Filter>
    </ClInclude>
    <ClInclude Include="CAnimation.h">
      <Filter>Header Files\Graphic Objects</Filter>
    </ClInclude>
    <ClInclude Include="CScene.h">
      <Filter>Header Files\Scenes</Filter>
    </ClInclude>
    <ClInclude Include="CPlayScene.h">
      <Filter>Header Files\Scenes</Filter>
    </ClInclude>
    <ClInclude Include="CAnimationManager.h">
      <Filter>Header Files\Managers</Filter>
    </ClInclude>
    <ClInclude Include="CConfigManager.h">
      <Filter>Header Files\Managers</Filter>
    </ClInclude>
    <ClInclude Include="CGameManager.h">
      <Filter>Header Files\Managers</Filter>
    </ClInclude>
    <ClInclude Include="CGraphicManager.h">
      <Filter>Header Files\Managers</Filter>
    </ClInclude>
    <ClInclude Include="CSceneManager.h">
      <Filter>Header Files\Managers</Filter>
    </ClInclude>
    <ClInclude Include="CAssetManager.h">
      <Filter>Header Files\Managers</Filter>
    </ClInclude>
    <ClInclude Include="CBaseGameObject.h">
      <Filter>Header Files\Game Objects</Filter>
    </ClInclude>
    <ClInclude Include="CCamera.h">
      <Filter>Header Files\Game Objects</Filter>
    </ClInclude>
    <ClInclude Include="CInputManager.h">
      <Filter>Header Files\Managers</Filter>
    </ClInclude>
    <ClInclude Include="CMario.h">
      <Filter>Header Files\Game Objects\Characters\Mario</Filter>
    </ClInclude>
    <ClInclude Include="CBaseCharacter.h">
      <Filter>Header Files\Game Objects\Characters</Filter>
    </ClInclude>
    <ClInclude Include="CPlatform.h">
      <Filter>Header Files\Game Objects</Filter>
    </ClInclude>
  </ItemGroup>
</Project>